
Microsoft Visual Studio Solution File, Format Version 12.00
# Visual Studio Version 17
VisualStudioVersion = 17.9.34622.214
MinimumVisualStudioVersion = 10.0.40219.1
Project("{9A19103F-16F7-4668-BE54-9A1E7A4F7556}") = "Agriculture", "Agriculture\Agriculture.csproj", "{B70F616B-385F-47CD-ABDE-965ACFD5571A}"
EndProject
Project("{FAE04EC0-301F-11D3-BF4B-00C04F79EFBC}") = "Entitylayer", "Entitylayer\Entitylayer.csproj", "{272F8D5A-DCCE-4A88-BEEF-3B1B2ECAB9D6}"
EndProject
Project("{FAE04EC0-301F-11D3-BF4B-00C04F79EFBC}") = "DataAccessLayer", "DataAccessLayer\DataAccessLayer.csproj", "{5222BA74-0368-4CD3-8FA6-88D3FBDBDC3A}"
EndProject
Project("{FAE04EC0-301F-11D3-BF4B-00C04F79EFBC}") = "BusinessLayer", "BusinessLayer\BusinessLayer.csproj", "{1D1EF42E-A050-4C4E-B205-9E376009AE44}"
EndProject
Global
	GlobalSection(SolutionConfigurationPlatforms) = preSolution
		Debug|Any CPU = Debug|Any CPU
		Release|Any CPU = Release|Any CPU
	EndGlobalSection
	GlobalSection(ProjectConfigurationPlatforms) = postSolution
		{B70F616B-385F-47CD-ABDE-965ACFD5571A}.Debug|Any CPU.ActiveCfg = Debug|Any CPU
		{B70F616B-385F-47CD-ABDE-965ACFD5571A}.Debug|Any CPU.Build.0 = Debug|Any CPU
		{B70F616B-385F-47CD-ABDE-965ACFD5571A}.Release|Any CPU.ActiveCfg = Release|Any CPU
		{B70F616B-385F-47CD-ABDE-965ACFD5571A}.Release|Any CPU.Build.0 = Release|Any CPU
		{272F8D5A-DCCE-4A88-BEEF-3B1B2ECAB9D6}.Debug|Any CPU.ActiveCfg = Debug|Any CPU
		{272F8D5A-DCCE-4A88-BEEF-3B1B2ECAB9D6}.Debug|Any CPU.Build.0 = Debug|Any CPU
		{272F8D5A-DCCE-4A88-BEEF-3B1B2ECAB9D6}.Release|Any CPU.ActiveCfg = Release|Any CPU
		{272F8D5A-DCCE-4A88-BEEF-3B1B2ECAB9D6}.Release|Any CPU.Build.0 = Release|Any CPU
		{5222BA74-0368-4CD3-8FA6-88D3FBDBDC3A}.Debug|Any CPU.ActiveCfg = Debug|Any CPU
		{5222BA74-0368-4CD3-8FA6-88D3FBDBDC3A}.Debug|Any CPU.Build.0 = Debug|Any CPU
		{5222BA74-0368-4CD3-8FA6-88D3FBDBDC3A}.Release|Any CPU.ActiveCfg = Release|Any CPU
		{5222BA74-0368-4CD3-8FA6-88D3FBDBDC3A}.Release|Any CPU.Build.0 = Release|Any CPU
		{1D1EF42E-A050-4C4E-B205-9E376009AE44}.Debug|Any CPU.ActiveCfg = Debug|Any CPU
		{1D1EF42E-A050-4C4E-B205-9E376009AE44}.Debug|Any CPU.Build.0 = Debug|Any CPU
		{1D1EF42E-A050-4C4E-B205-9E376009AE44}.Release|Any CPU.ActiveCfg = Release|Any CPU
		{1D1EF42E-A050-4C4E-B205-9E376009AE44}.Release|Any CPU.Build.0 = Release|Any CPU
	EndGlobalSection
	GlobalSection(SolutionProperties) = preSolution
		HideSolutionNode = FALSE
	EndGlobalSection
	GlobalSection(ExtensibilityGlobals) = postSolution
		SolutionGuid = {BCBA04D6-D7BE-4138-8008-02DB28F1DB39}
	EndGlobalSection
EndGlobal
